
Microsoft Visual Studio Solution File, Format Version 12.00
# Visual Studio Version 17
VisualStudioVersion = 17.14.36301.6
MinimumVisualStudioVersion = 10.0.40219.1
Project("{FAE04EC0-301F-11D3-BF4B-00C04F79EFBC}") = "post-office-dojo", "post-office-dojo.csproj", "{68CACA35-1808-4EBA-9D5C-39A2EB020234}"
EndProject
Project("{FAE04EC0-301F-11D3-BF4B-00C04F79EFBC}") = "post-office-dojo-tests", "..\post-office-tests\post-office-dojo-tests.csproj", "{09F3755E-87B8-494B-9563-AC24F025C26C}"
EndProject
Global
	GlobalSection(SolutionConfigurationPlatforms) = preSolution
		Debug|Any CPU = Debug|Any CPU
		Release|Any CPU = Release|Any CPU
	EndGlobalSection
	GlobalSection(ProjectConfigurationPlatforms) = postSolution
		{68CACA35-1808-4EBA-9D5C-39A2EB020234}.Debug|Any CPU.ActiveCfg = Debug|Any CPU
		{68CACA35-1808-4EBA-9D5C-39A2EB020234}.Debug|Any CPU.Build.0 = Debug|Any CPU
		{68CACA35-1808-4EBA-9D5C-39A2EB020234}.Release|Any CPU.ActiveCfg = Release|Any CPU
		{68CACA35-1808-4EBA-9D5C-39A2EB020234}.Release|Any CPU.Build.0 = Release|Any CPU
		{09F3755E-87B8-494B-9563-AC24F025C26C}.Debug|Any CPU.ActiveCfg = Debug|Any CPU
		{09F3755E-87B8-494B-9563-AC24F025C26C}.Debug|Any CPU.Build.0 = Debug|Any CPU
		{09F3755E-87B8-494B-9563-AC24F025C26C}.Release|Any CPU.ActiveCfg = Release|Any CPU
		{09F3755E-87B8-494B-9563-AC24F025C26C}.Release|Any CPU.Build.0 = Release|Any CPU
	EndGlobalSection
	GlobalSection(SolutionProperties) = preSolution
		HideSolutionNode = FALSE
	EndGlobalSection
	GlobalSection(ExtensibilityGlobals) = postSolution
		SolutionGuid = {57AF39CB-7572-428E-A51D-8BBF12FAC58D}
	EndGlobalSection
EndGlobal
